
Microsoft Visual Studio Solution File, Format Version 12.00
# Visual Studio Version 16
VisualStudioVersion = 16.0.30204.135
MinimumVisualStudioVersion = 10.0.40219.1
Project("{FAE04EC0-301F-11D3-BF4B-00C04F79EFBC}") = "text_editor", "text_editor.csproj", "{F3871701-9310-4373-BA45-B986F0296798}"
EndProject
Project("{9A19103F-16F7-4668-BE54-9A1E7A4F7556}") = "RichTextBoxPrintCtrl", "..\RichTextBoxPrintCtrl\RichTextBoxPrintCtrl.csproj", "{021588FA-5C0A-4D18-8DF1-6FC75DD6D584}"
EndProject
Project("{FAE04EC0-301F-11D3-BF4B-00C04F79EFBC}") = "n_audio", "..\n_audio\n_audio.csproj", "{94F3D620-D7CC-49B7-9749-1FEDCA01CC1E}"
EndProject
Global
	GlobalSection(SolutionConfigurationPlatforms) = preSolution
		Debug|Any CPU = Debug|Any CPU
		Release|Any CPU = Release|Any CPU
	EndGlobalSection
	GlobalSection(ProjectConfigurationPlatforms) = postSolution
		{F3871701-9310-4373-BA45-B986F0296798}.Debug|Any CPU.ActiveCfg = Debug|Any CPU
		{F3871701-9310-4373-BA45-B986F0296798}.Debug|Any CPU.Build.0 = Debug|Any CPU
		{F3871701-9310-4373-BA45-B986F0296798}.Release|Any CPU.ActiveCfg = Release|Any CPU
		{F3871701-9310-4373-BA45-B986F0296798}.Release|Any CPU.Build.0 = Release|Any CPU
		{021588FA-5C0A-4D18-8DF1-6FC75DD6D584}.Debug|Any CPU.ActiveCfg = Debug|Any CPU
		{021588FA-5C0A-4D18-8DF1-6FC75DD6D584}.Debug|Any CPU.Build.0 = Debug|Any CPU
		{021588FA-5C0A-4D18-8DF1-6FC75DD6D584}.Release|Any CPU.ActiveCfg = Release|Any CPU
		{021588FA-5C0A-4D18-8DF1-6FC75DD6D584}.Release|Any CPU.Build.0 = Release|Any CPU
		{94F3D620-D7CC-49B7-9749-1FEDCA01CC1E}.Debug|Any CPU.ActiveCfg = Debug|Any CPU
		{94F3D620-D7CC-49B7-9749-1FEDCA01CC1E}.Debug|Any CPU.Build.0 = Debug|Any CPU
		{94F3D620-D7CC-49B7-9749-1FEDCA01CC1E}.Release|Any CPU.ActiveCfg = Release|Any CPU
		{94F3D620-D7CC-49B7-9749-1FEDCA01CC1E}.Release|Any CPU.Build.0 = Release|Any CPU
	EndGlobalSection
	GlobalSection(SolutionProperties) = preSolution
		HideSolutionNode = FALSE
	EndGlobalSection
	GlobalSection(ExtensibilityGlobals) = postSolution
		SolutionGuid = {AAD0D864-5F2D-4C7F-B55A-BD22546F518E}
	EndGlobalSection
EndGlobal
